# THIS IS AN AUTOGENERATED FILE. DO NOT EDIT THIS FILE DIRECTLY.
# yarn lockfile v1


"@types/node@*":
  version "20.6.2"
  resolved "https://registry.yarnpkg.com/@types/node/-/node-20.6.2.tgz#a065925409f59657022e9063275cd0b9bd7e1b12"
  integrity sha512-Y+/1vGBHV/cYk6OI1Na/LHzwnlNCAfU3ZNGrc1LdRe/LAIbdDPTTv/HU3M7yXN448aTVDq3eKRm2cg7iKLb8gw==

"@types/nodemailer@^6.4.10":
  version "6.4.10"
  resolved "https://registry.yarnpkg.com/@types/nodemailer/-/nodemailer-6.4.10.tgz#746c952d5f22e48efded93c0a5607f59c6369b4c"
  integrity sha512-oPW/IdhkU3FyZc1dzeqmS+MBjrjZNiiINnrEOrWALzccJlP5xTlbkNr2YnTnnyj9Eqm5ofjRoASEbrCYpA7BrA==
  dependencies:
    "@types/node" "*"

nodemailer@^6.9.5:
  version "6.9.5"
  resolved "https://registry.yarnpkg.com/nodemailer/-/nodemailer-6.9.5.tgz#eaeae949c62ec84ef1e9128df89fc146a1017aca"
  integrity sha512-/dmdWo62XjumuLc5+AYQZeiRj+PRR8y8qKtFCOyuOl1k/hckZd8durUUHs/ucKx6/8kN+wFxqKJlQ/LK/qR5FA==
